<?xml version="1.0" encoding="UTF-8"?>
<!DOCTYPE plist PUBLIC "-//Apple//DTD PLIST 1.0//EN" "http://www.apple.com/DTDs/PropertyList-1.0.dtd">
<plist version="1.0">
<dict>
	<key>archiveVersion</key>
	<string>1</string>
	<key>classes</key>
	<dict/>
	<key>objectVersion</key>
	<string>46</string>
	<key>objects</key>
	<dict>
		<key>14C2ECF719FFF0B400A3ADEE</key>
		<dict>
			<key>children</key>
			<array>
				<string>14C2ED0919FFF0B400A3ADEE</string>
				<string>14C2ED2819FFF0B400A3ADEE</string>
				<string>14C2ED0219FFF0B400A3ADEE</string>
				<string>14C2ED0119FFF0B400A3ADEE</string>
				<string>A79B0D80D3DB9ACA2A58681D</string>
			</array>
			<key>isa</key>
			<string>PBXGroup</string>
			<key>sourceTree</key>
			<string>&lt;group&gt;</string>
		</dict>
		<key>14C2ECF819FFF0B400A3ADEE</key>
		<dict>
			<key>attributes</key>
			<dict>
				<key>CLASSPREFIX</key>
				<string>SK</string>
				<key>LastUpgradeCheck</key>
				<string>0510</string>
				<key>ORGANIZATIONNAME</key>
				<string>___FULLUSERNAME___</string>
				<key>TargetAttributes</key>
				<dict>
					<key>14C2ED2019FFF0B400A3ADEE</key>
					<dict>
						<key>TestTargetID</key>
						<string>14C2ECFF19FFF0B400A3ADEE</string>
					</dict>
				</dict>
			</dict>
			<key>buildConfigurationList</key>
			<string>14C2ECFB19FFF0B400A3ADEE</string>
			<key>compatibilityVersion</key>
			<string>Xcode 3.2</string>
			<key>developmentRegion</key>
			<string>English</string>
			<key>hasScannedForEncodings</key>
			<string>0</string>
			<key>isa</key>
			<string>PBXProject</string>
			<key>knownRegions</key>
			<array>
				<string>en</string>
				<string>Base</string>
			</array>
			<key>mainGroup</key>
			<string>14C2ECF719FFF0B400A3ADEE</string>
			<key>productRefGroup</key>
			<string>14C2ED0119FFF0B400A3ADEE</string>
			<key>projectDirPath</key>
			<string></string>
			<key>projectReferences</key>
			<array/>
			<key>projectRoot</key>
			<string></string>
			<key>targets</key>
			<array>
				<string>14C2ECFF19FFF0B400A3ADEE</string>
				<string>14C2ED2019FFF0B400A3ADEE</string>
			</array>
		</dict>
		<key>14C2ECFB19FFF0B400A3ADEE</key>
		<dict>
			<key>buildConfigurations</key>
			<array>
				<string>14C2ED3019FFF0B400A3ADEE</string>
				<string>14C2ED3119FFF0B400A3ADEE</string>
			</array>
			<key>defaultConfigurationIsVisible</key>
			<string>0</string>
			<key>defaultConfigurationName</key>
			<string>Release</string>
			<key>isa</key>
			<string>XCConfigurationList</string>
		</dict>
		<key>14C2ECFC19FFF0B400A3ADEE</key>
		<dict>
			<key>buildActionMask</key>
			<string>2147483647</string>
			<key>files</key>
			<array>
				<string>14C2ED1419FFF0B400A3ADEE</string>
				<string>14C2ED1A19FFF0B400A3ADEE</string>
				<string>14C2ED1019FFF0B400A3ADEE</string>
			</array>
			<key>isa</key>
			<string>PBXSourcesBuildPhase</string>
			<key>runOnlyForDeploymentPostprocessing</key>
			<string>0</string>
		</dict>
		<key>14C2ECFD19FFF0B400A3ADEE</key>
		<dict>
			<key>buildActionMask</key>
			<string>2147483647</string>
			<key>files</key>
			<array>
				<string>14C2ED0619FFF0B400A3ADEE</string>
				<string>14C2ED0819FFF0B400A3ADEE</string>
				<string>14C2ED0419FFF0B400A3ADEE</string>
				<string>CFB5CD365B4ECA6B6AE323D8</string>
			</array>
			<key>isa</key>
			<string>PBXFrameworksBuildPhase</string>
			<key>runOnlyForDeploymentPostprocessing</key>
			<string>0</string>
		</dict>
		<key>14C2ECFE19FFF0B400A3ADEE</key>
		<dict>
			<key>buildActionMask</key>
			<string>2147483647</string>
			<key>files</key>
			<array>
				<string>14C2ED1C19FFF0B400A3ADEE</string>
				<string>14C2ED0E19FFF0B400A3ADEE</string>
				<string>14C2ED1719FFF0B400A3ADEE</string>
			</array>
			<key>isa</key>
			<string>PBXResourcesBuildPhase</string>
			<key>runOnlyForDeploymentPostprocessing</key>
			<string>0</string>
		</dict>
		<key>14C2ECFF19FFF0B400A3ADEE</key>
		<dict>
			<key>buildConfigurationList</key>
			<string>14C2ED3219FFF0B400A3ADEE</string>
			<key>buildPhases</key>
			<array>
				<string>BA6C39FAD10CBD750205612A</string>
				<string>14C2ECFC19FFF0B400A3ADEE</string>
				<string>14C2ECFD19FFF0B400A3ADEE</string>
				<string>14C2ECFE19FFF0B400A3ADEE</string>
				<string>6D4D9B7AA807358080313610</string>
			</array>
			<key>buildRules</key>
			<array/>
			<key>dependencies</key>
			<array/>
			<key>isa</key>
			<string>PBXNativeTarget</string>
			<key>name</key>
			<string>SKMessageViewController</string>
			<key>productName</key>
			<string>SKMessageViewController</string>
			<key>productReference</key>
			<string>14C2ED0019FFF0B400A3ADEE</string>
			<key>productType</key>
			<string>com.apple.product-type.application</string>
		</dict>
		<key>14C2ED0019FFF0B400A3ADEE</key>
		<dict>
			<key>explicitFileType</key>
			<string>wrapper.application</string>
			<key>includeInIndex</key>
			<string>0</string>
			<key>isa</key>
			<string>PBXFileReference</string>
			<key>path</key>
			<string>SKMessageViewController.app</string>
			<key>sourceTree</key>
			<string>BUILT_PRODUCTS_DIR</string>
		</dict>
		<key>14C2ED0119FFF0B400A3ADEE</key>
		<dict>
			<key>children</key>
			<array>
				<string>14C2ED0019FFF0B400A3ADEE</string>
				<string>14C2ED2119FFF0B400A3ADEE</string>
			</array>
			<key>isa</key>
			<string>PBXGroup</string>
			<key>name</key>
			<string>Products</string>
			<key>sourceTree</key>
			<string>&lt;group&gt;</string>
		</dict>
		<key>14C2ED0219FFF0B400A3ADEE</key>
		<dict>
			<key>children</key>
			<array>
				<string>14C2ED0319FFF0B400A3ADEE</string>
				<string>14C2ED0519FFF0B400A3ADEE</string>
				<string>14C2ED0719FFF0B400A3ADEE</string>
				<string>14C2ED2219FFF0B400A3ADEE</string>
				<string>D7DF2D555A4F1289AF7C5BC8</string>
			</array>
			<key>isa</key>
			<string>PBXGroup</string>
			<key>name</key>
			<string>Frameworks</string>
			<key>sourceTree</key>
			<string>&lt;group&gt;</string>
		</dict>
		<key>14C2ED0319FFF0B400A3ADEE</key>
		<dict>
			<key>isa</key>
			<string>PBXFileReference</string>
			<key>lastKnownFileType</key>
			<string>wrapper.framework</string>
			<key>name</key>
			<string>Foundation.framework</string>
			<key>path</key>
			<string>System/Library/Frameworks/Foundation.framework</string>
			<key>sourceTree</key>
			<string>SDKROOT</string>
		</dict>
		<key>14C2ED0419FFF0B400A3ADEE</key>
		<dict>
			<key>fileRef</key>
			<string>14C2ED0319FFF0B400A3ADEE</string>
			<key>isa</key>
			<string>PBXBuildFile</string>
		</dict>
		<key>14C2ED0519FFF0B400A3ADEE</key>
		<dict>
			<key>isa</key>
			<string>PBXFileReference</string>
			<key>lastKnownFileType</key>
			<string>wrapper.framework</string>
			<key>name</key>
			<string>CoreGraphics.framework</string>
			<key>path</key>
			<string>System/Library/Frameworks/CoreGraphics.framework</string>
			<key>sourceTree</key>
			<string>SDKROOT</string>
		</dict>
		<key>14C2ED0619FFF0B400A3ADEE</key>
		<dict>
			<key>fileRef</key>
			<string>14C2ED0519FFF0B400A3ADEE</string>
			<key>isa</key>
			<string>PBXBuildFile</string>
		</dict>
		<key>14C2ED0719FFF0B400A3ADEE</key>
		<dict>
			<key>isa</key>
			<string>PBXFileReference</string>
			<key>lastKnownFileType</key>
			<string>wrapper.framework</string>
			<key>name</key>
			<string>UIKit.framework</string>
			<key>path</key>
			<string>System/Library/Frameworks/UIKit.framework</string>
			<key>sourceTree</key>
			<string>SDKROOT</string>
		</dict>
		<key>14C2ED0819FFF0B400A3ADEE</key>
		<dict>
			<key>fileRef</key>
			<string>14C2ED0719FFF0B400A3ADEE</string>
			<key>isa</key>
			<string>PBXBuildFile</string>
		</dict>
		<key>14C2ED0919FFF0B400A3ADEE</key>
		<dict>
			<key>children</key>
			<array>
				<string>14C2ED1219FFF0B400A3ADEE</string>
				<string>14C2ED1319FFF0B400A3ADEE</string>
				<string>14C2ED1519FFF0B400A3ADEE</string>
				<string>14C2ED1819FFF0B400A3ADEE</string>
				<string>14C2ED1919FFF0B400A3ADEE</string>
				<string>14C2ED1B19FFF0B400A3ADEE</string>
				<string>14C2ED0A19FFF0B400A3ADEE</string>
			</array>
			<key>isa</key>
			<string>PBXGroup</string>
			<key>path</key>
			<string>SKMessageViewController</string>
			<key>sourceTree</key>
			<string>&lt;group&gt;</string>
		</dict>
		<key>14C2ED0A19FFF0B400A3ADEE</key>
		<dict>
			<key>children</key>
			<array>
				<string>14C2ED0B19FFF0B400A3ADEE</string>
				<string>14C2ED0C19FFF0B400A3ADEE</string>
				<string>14C2ED0F19FFF0B400A3ADEE</string>
				<string>14C2ED1119FFF0B400A3ADEE</string>
			</array>
			<key>isa</key>
			<string>PBXGroup</string>
			<key>name</key>
			<string>Supporting Files</string>
			<key>sourceTree</key>
			<string>&lt;group&gt;</string>
		</dict>
		<key>14C2ED0B19FFF0B400A3ADEE</key>
		<dict>
			<key>isa</key>
			<string>PBXFileReference</string>
			<key>lastKnownFileType</key>
			<string>text.plist.xml</string>
			<key>path</key>
			<string>SKMessageViewController-Info.plist</string>
			<key>sourceTree</key>
			<string>&lt;group&gt;</string>
		</dict>
		<key>14C2ED0C19FFF0B400A3ADEE</key>
		<dict>
			<key>children</key>
			<array>
				<string>14C2ED0D19FFF0B400A3ADEE</string>
			</array>
			<key>isa</key>
			<string>PBXVariantGroup</string>
			<key>name</key>
			<string>InfoPlist.strings</string>
			<key>sourceTree</key>
			<string>&lt;group&gt;</string>
		</dict>
		<key>14C2ED0D19FFF0B400A3ADEE</key>
		<dict>
			<key>isa</key>
			<string>PBXFileReference</string>
			<key>lastKnownFileType</key>
			<string>text.plist.strings</string>
			<key>name</key>
			<string>en</string>
			<key>path</key>
			<string>en.lproj/InfoPlist.strings</string>
			<key>sourceTree</key>
			<string>&lt;group&gt;</string>
		</dict>
		<key>14C2ED0E19FFF0B400A3ADEE</key>
		<dict>
			<key>fileRef</key>
			<string>14C2ED0C19FFF0B400A3ADEE</string>
			<key>isa</key>
			<string>PBXBuildFile</string>
		</dict>
		<key>14C2ED0F19FFF0B400A3ADEE</key>
		<dict>
			<key>isa</key>
			<string>PBXFileReference</string>
			<key>lastKnownFileType</key>
			<string>sourcecode.c.objc</string>
			<key>path</key>
			<string>main.m</string>
			<key>sourceTree</key>
			<string>&lt;group&gt;</string>
		</dict>
		<key>14C2ED1019FFF0B400A3ADEE</key>
		<dict>
			<key>fileRef</key>
			<string>14C2ED0F19FFF0B400A3ADEE</string>
			<key>isa</key>
			<string>PBXBuildFile</string>
		</dict>
		<key>14C2ED1119FFF0B400A3ADEE</key>
		<dict>
			<key>isa</key>
			<string>PBXFileReference</string>
			<key>lastKnownFileType</key>
			<string>sourcecode.c.h</string>
			<key>path</key>
			<string>SKMessageViewController-Prefix.pch</string>
			<key>sourceTree</key>
			<string>&lt;group&gt;</string>
		</dict>
		<key>14C2ED1219FFF0B400A3ADEE</key>
		<dict>
			<key>isa</key>
			<string>PBXFileReference</string>
			<key>lastKnownFileType</key>
			<string>sourcecode.c.h</string>
			<key>path</key>
			<string>SKAppDelegate.h</string>
			<key>sourceTree</key>
			<string>&lt;group&gt;</string>
		</dict>
		<key>14C2ED1319FFF0B400A3ADEE</key>
		<dict>
			<key>isa</key>
			<string>PBXFileReference</string>
			<key>lastKnownFileType</key>
			<string>sourcecode.c.objc</string>
			<key>path</key>
			<string>SKAppDelegate.m</string>
			<key>sourceTree</key>
			<string>&lt;group&gt;</string>
		</dict>
		<key>14C2ED1419FFF0B400A3ADEE</key>
		<dict>
			<key>fileRef</key>
			<string>14C2ED1319FFF0B400A3ADEE</string>
			<key>isa</key>
			<string>PBXBuildFile</string>
		</dict>
		<key>14C2ED1519FFF0B400A3ADEE</key>
		<dict>
			<key>children</key>
			<array>
				<string>14C2ED1619FFF0B400A3ADEE</string>
			</array>
			<key>isa</key>
			<string>PBXVariantGroup</string>
			<key>name</key>
			<string>Main.storyboard</string>
			<key>sourceTree</key>
			<string>&lt;group&gt;</string>
		</dict>
		<key>14C2ED1619FFF0B400A3ADEE</key>
		<dict>
			<key>isa</key>
			<string>PBXFileReference</string>
			<key>lastKnownFileType</key>
			<string>file.storyboard</string>
			<key>name</key>
			<string>Base</string>
			<key>path</key>
			<string>Base.lproj/Main.storyboard</string>
			<key>sourceTree</key>
			<string>&lt;group&gt;</string>
		</dict>
		<key>14C2ED1719FFF0B400A3ADEE</key>
		<dict>
			<key>fileRef</key>
			<string>14C2ED1519FFF0B400A3ADEE</string>
			<key>isa</key>
			<string>PBXBuildFile</string>
		</dict>
		<key>14C2ED1819FFF0B400A3ADEE</key>
		<dict>
			<key>isa</key>
			<string>PBXFileReference</string>
			<key>lastKnownFileType</key>
			<string>sourcecode.c.h</string>
			<key>path</key>
			<string>SKViewController.h</string>
			<key>sourceTree</key>
			<string>&lt;group&gt;</string>
		</dict>
		<key>14C2ED1919FFF0B400A3ADEE</key>
		<dict>
			<key>isa</key>
			<string>PBXFileReference</string>
			<key>lastKnownFileType</key>
			<string>sourcecode.c.objc</string>
			<key>path</key>
			<string>SKViewController.m</string>
			<key>sourceTree</key>
			<string>&lt;group&gt;</string>
		</dict>
		<key>14C2ED1A19FFF0B400A3ADEE</key>
		<dict>
			<key>fileRef</key>
			<string>14C2ED1919FFF0B400A3ADEE</string>
			<key>isa</key>
			<string>PBXBuildFile</string>
		</dict>
		<key>14C2ED1B19FFF0B400A3ADEE</key>
		<dict>
			<key>isa</key>
			<string>PBXFileReference</string>
			<key>lastKnownFileType</key>
			<string>folder.assetcatalog</string>
			<key>path</key>
			<string>Images.xcassets</string>
			<key>sourceTree</key>
			<string>&lt;group&gt;</string>
		</dict>
		<key>14C2ED1C19FFF0B400A3ADEE</key>
		<dict>
			<key>fileRef</key>
			<string>14C2ED1B19FFF0B400A3ADEE</string>
			<key>isa</key>
			<string>PBXBuildFile</string>
		</dict>
		<key>14C2ED1D19FFF0B400A3ADEE</key>
		<dict>
			<key>buildActionMask</key>
			<string>2147483647</string>
			<key>files</key>
			<array>
				<string>14C2ED2F19FFF0B400A3ADEE</string>
			</array>
			<key>isa</key>
			<string>PBXSourcesBuildPhase</string>
			<key>runOnlyForDeploymentPostprocessing</key>
			<string>0</string>
		</dict>
		<key>14C2ED1E19FFF0B400A3ADEE</key>
		<dict>
			<key>buildActionMask</key>
			<string>2147483647</string>
			<key>files</key>
			<array>
				<string>14C2ED2319FFF0B400A3ADEE</string>
				<string>14C2ED2519FFF0B400A3ADEE</string>
				<string>14C2ED2419FFF0B400A3ADEE</string>
			</array>
			<key>isa</key>
			<string>PBXFrameworksBuildPhase</string>
			<key>runOnlyForDeploymentPostprocessing</key>
			<string>0</string>
		</dict>
		<key>14C2ED1F19FFF0B400A3ADEE</key>
		<dict>
			<key>buildActionMask</key>
			<string>2147483647</string>
			<key>files</key>
			<array>
				<string>14C2ED2D19FFF0B400A3ADEE</string>
			</array>
			<key>isa</key>
			<string>PBXResourcesBuildPhase</string>
			<key>runOnlyForDeploymentPostprocessing</key>
			<string>0</string>
		</dict>
		<key>14C2ED2019FFF0B400A3ADEE</key>
		<dict>
			<key>buildConfigurationList</key>
			<string>14C2ED3519FFF0B400A3ADEE</string>
			<key>buildPhases</key>
			<array>
				<string>14C2ED1D19FFF0B400A3ADEE</string>
				<string>14C2ED1E19FFF0B400A3ADEE</string>
				<string>14C2ED1F19FFF0B400A3ADEE</string>
			</array>
			<key>buildRules</key>
			<array/>
			<key>dependencies</key>
			<array>
				<string>14C2ED2719FFF0B400A3ADEE</string>
			</array>
			<key>isa</key>
			<string>PBXNativeTarget</string>
			<key>name</key>
			<string>SKMessageViewControllerTests</string>
			<key>productName</key>
			<string>SKMessageViewControllerTests</string>
			<key>productReference</key>
			<string>14C2ED2119FFF0B400A3ADEE</string>
			<key>productType</key>
			<string>com.apple.product-type.bundle.unit-test</string>
		</dict>
		<key>14C2ED2119FFF0B400A3ADEE</key>
		<dict>
			<key>explicitFileType</key>
			<string>wrapper.cfbundle</string>
			<key>includeInIndex</key>
			<string>0</string>
			<key>isa</key>
			<string>PBXFileReference</string>
			<key>path</key>
			<string>SKMessageViewControllerTests.xctest</string>
			<key>sourceTree</key>
			<string>BUILT_PRODUCTS_DIR</string>
		</dict>
		<key>14C2ED2219FFF0B400A3ADEE</key>
		<dict>
			<key>isa</key>
			<string>PBXFileReference</string>
			<key>lastKnownFileType</key>
			<string>wrapper.framework</string>
			<key>name</key>
			<string>XCTest.framework</string>
			<key>path</key>
			<string>Library/Frameworks/XCTest.framework</string>
			<key>sourceTree</key>
			<string>DEVELOPER_DIR</string>
		</dict>
		<key>14C2ED2319FFF0B400A3ADEE</key>
		<dict>
			<key>fileRef</key>
			<string>14C2ED2219FFF0B400A3ADEE</string>
			<key>isa</key>
			<string>PBXBuildFile</string>
		</dict>
		<key>14C2ED2419FFF0B400A3ADEE</key>
		<dict>
			<key>fileRef</key>
			<string>14C2ED0319FFF0B400A3ADEE</string>
			<key>isa</key>
			<string>PBXBuildFile</string>
		</dict>
		<key>14C2ED2519FFF0B400A3ADEE</key>
		<dict>
			<key>fileRef</key>
			<string>14C2ED0719FFF0B400A3ADEE</string>
			<key>isa</key>
			<string>PBXBuildFile</string>
		</dict>
		<key>14C2ED2619FFF0B400A3ADEE</key>
		<dict>
			<key>containerPortal</key>
			<string>14C2ECF819FFF0B400A3ADEE</string>
			<key>isa</key>
			<string>PBXContainerItemProxy</string>
			<key>proxyType</key>
			<string>1</string>
			<key>remoteGlobalIDString</key>
			<string>14C2ECFF19FFF0B400A3ADEE</string>
			<key>remoteInfo</key>
			<string>SKMessageViewController</string>
		</dict>
		<key>14C2ED2719FFF0B400A3ADEE</key>
		<dict>
			<key>isa</key>
			<string>PBXTargetDependency</string>
			<key>target</key>
			<string>14C2ECFF19FFF0B400A3ADEE</string>
			<key>targetProxy</key>
			<string>14C2ED2619FFF0B400A3ADEE</string>
		</dict>
		<key>14C2ED2819FFF0B400A3ADEE</key>
		<dict>
			<key>children</key>
			<array>
				<string>14C2ED2E19FFF0B400A3ADEE</string>
				<string>14C2ED2919FFF0B400A3ADEE</string>
			</array>
			<key>isa</key>
			<string>PBXGroup</string>
			<key>path</key>
			<string>SKMessageViewControllerTests</string>
			<key>sourceTree</key>
			<string>&lt;group&gt;</string>
		</dict>
		<key>14C2ED2919FFF0B400A3ADEE</key>
		<dict>
			<key>children</key>
			<array>
				<string>14C2ED2A19FFF0B400A3ADEE</string>
				<string>14C2ED2B19FFF0B400A3ADEE</string>
			</array>
			<key>isa</key>
			<string>PBXGroup</string>
			<key>name</key>
			<string>Supporting Files</string>
			<key>sourceTree</key>
			<string>&lt;group&gt;</string>
		</dict>
		<key>14C2ED2A19FFF0B400A3ADEE</key>
		<dict>
			<key>isa</key>
			<string>PBXFileReference</string>
			<key>lastKnownFileType</key>
			<string>text.plist.xml</string>
			<key>path</key>
			<string>SKMessageViewControllerTests-Info.plist</string>
			<key>sourceTree</key>
			<string>&lt;group&gt;</string>
		</dict>
		<key>14C2ED2B19FFF0B400A3ADEE</key>
		<dict>
			<key>children</key>
			<array>
				<string>14C2ED2C19FFF0B400A3ADEE</string>
			</array>
			<key>isa</key>
			<string>PBXVariantGroup</string>
			<key>name</key>
			<string>InfoPlist.strings</string>
			<key>sourceTree</key>
			<string>&lt;group&gt;</string>
		</dict>
		<key>14C2ED2C19FFF0B400A3ADEE</key>
		<dict>
			<key>isa</key>
			<string>PBXFileReference</string>
			<key>lastKnownFileType</key>
			<string>text.plist.strings</string>
			<key>name</key>
			<string>en</string>
			<key>path</key>
			<string>en.lproj/InfoPlist.strings</string>
			<key>sourceTree</key>
			<string>&lt;group&gt;</string>
		</dict>
		<key>14C2ED2D19FFF0B400A3ADEE</key>
		<dict>
			<key>fileRef</key>
			<string>14C2ED2B19FFF0B400A3ADEE</string>
			<key>isa</key>
			<string>PBXBuildFile</string>
		</dict>
		<key>14C2ED2E19FFF0B400A3ADEE</key>
		<dict>
			<key>isa</key>
			<string>PBXFileReference</string>
			<key>lastKnownFileType</key>
			<string>sourcecode.c.objc</string>
			<key>path</key>
			<string>SKMessageViewControllerTests.m</string>
			<key>sourceTree</key>
			<string>&lt;group&gt;</string>
		</dict>
		<key>14C2ED2F19FFF0B400A3ADEE</key>
		<dict>
			<key>fileRef</key>
			<string>14C2ED2E19FFF0B400A3ADEE</string>
			<key>isa</key>
			<string>PBXBuildFile</string>
		</dict>
		<key>14C2ED3019FFF0B400A3ADEE</key>
		<dict>
			<key>buildSettings</key>
			<dict>
				<key>ALWAYS_SEARCH_USER_PATHS</key>
				<string>NO</string>
				<key>CLANG_CXX_LANGUAGE_STANDARD</key>
				<string>gnu++0x</string>
				<key>CLANG_CXX_LIBRARY</key>
				<string>libc++</string>
				<key>CLANG_ENABLE_MODULES</key>
				<string>YES</string>
				<key>CLANG_ENABLE_OBJC_ARC</key>
				<string>YES</string>
				<key>CLANG_WARN_BOOL_CONVERSION</key>
				<string>YES</string>
				<key>CLANG_WARN_CONSTANT_CONVERSION</key>
				<string>YES</string>
				<key>CLANG_WARN_DIRECT_OBJC_ISA_USAGE</key>
				<string>YES_ERROR</string>
				<key>CLANG_WARN_EMPTY_BODY</key>
				<string>YES</string>
				<key>CLANG_WARN_ENUM_CONVERSION</key>
				<string>YES</string>
				<key>CLANG_WARN_INT_CONVERSION</key>
				<string>YES</string>
				<key>CLANG_WARN_OBJC_ROOT_CLASS</key>
				<string>YES_ERROR</string>
				<key>CLANG_WARN__DUPLICATE_METHOD_MATCH</key>
				<string>YES</string>
				<key>CODE_SIGN_IDENTITY[sdk=iphoneos*]</key>
				<string>iPhone Developer</string>
				<key>COPY_PHASE_STRIP</key>
				<string>NO</string>
				<key>GCC_C_LANGUAGE_STANDARD</key>
				<string>gnu99</string>
				<key>GCC_DYNAMIC_NO_PIC</key>
				<string>NO</string>
				<key>GCC_OPTIMIZATION_LEVEL</key>
				<string>0</string>
				<key>GCC_PREPROCESSOR_DEFINITIONS</key>
				<array>
					<string>DEBUG=1</string>
					<string>$(inherited)</string>
				</array>
				<key>GCC_SYMBOLS_PRIVATE_EXTERN</key>
				<string>NO</string>
				<key>GCC_WARN_64_TO_32_BIT_CONVERSION</key>
				<string>YES</string>
				<key>GCC_WARN_ABOUT_RETURN_TYPE</key>
				<string>YES_ERROR</string>
				<key>GCC_WARN_UNDECLARED_SELECTOR</key>
				<string>YES</string>
				<key>GCC_WARN_UNINITIALIZED_AUTOS</key>
				<string>YES_AGGRESSIVE</string>
				<key>GCC_WARN_UNUSED_FUNCTION</key>
				<string>YES</string>
				<key>GCC_WARN_UNUSED_VARIABLE</key>
				<string>YES</string>
				<key>IPHONEOS_DEPLOYMENT_TARGET</key>
				<string>7.1</string>
				<key>ONLY_ACTIVE_ARCH</key>
				<string>YES</string>
				<key>SDKROOT</key>
				<string>iphoneos</string>
			</dict>
			<key>isa</key>
			<string>XCBuildConfiguration</string>
			<key>name</key>
			<string>Debug</string>
		</dict>
		<key>14C2ED3119FFF0B400A3ADEE</key>
		<dict>
			<key>buildSettings</key>
			<dict>
				<key>ALWAYS_SEARCH_USER_PATHS</key>
				<string>NO</string>
				<key>CLANG_CXX_LANGUAGE_STANDARD</key>
				<string>gnu++0x</string>
				<key>CLANG_CXX_LIBRARY</key>
				<string>libc++</string>
				<key>CLANG_ENABLE_MODULES</key>
				<string>YES</string>
				<key>CLANG_ENABLE_OBJC_ARC</key>
				<string>YES</string>
				<key>CLANG_WARN_BOOL_CONVERSION</key>
				<string>YES</string>
				<key>CLANG_WARN_CONSTANT_CONVERSION</key>
				<string>YES</string>
				<key>CLANG_WARN_DIRECT_OBJC_ISA_USAGE</key>
				<string>YES_ERROR</string>
				<key>CLANG_WARN_EMPTY_BODY</key>
				<string>YES</string>
				<key>CLANG_WARN_ENUM_CONVERSION</key>
				<string>YES</string>
				<key>CLANG_WARN_INT_CONVERSION</key>
				<string>YES</string>
				<key>CLANG_WARN_OBJC_ROOT_CLASS</key>
				<string>YES_ERROR</string>
				<key>CLANG_WARN__DUPLICATE_METHOD_MATCH</key>
				<string>YES</string>
				<key>CODE_SIGN_IDENTITY[sdk=iphoneos*]</key>
				<string>iPhone Developer</string>
				<key>COPY_PHASE_STRIP</key>
				<string>YES</string>
				<key>ENABLE_NS_ASSERTIONS</key>
				<string>NO</string>
				<key>GCC_C_LANGUAGE_STANDARD</key>
				<string>gnu99</string>
				<key>GCC_WARN_64_TO_32_BIT_CONVERSION</key>
				<string>YES</string>
				<key>GCC_WARN_ABOUT_RETURN_TYPE</key>
				<string>YES_ERROR</string>
				<key>GCC_WARN_UNDECLARED_SELECTOR</key>
				<string>YES</string>
				<key>GCC_WARN_UNINITIALIZED_AUTOS</key>
				<string>YES_AGGRESSIVE</string>
				<key>GCC_WARN_UNUSED_FUNCTION</key>
				<string>YES</string>
				<key>GCC_WARN_UNUSED_VARIABLE</key>
				<string>YES</string>
				<key>IPHONEOS_DEPLOYMENT_TARGET</key>
				<string>7.1</string>
				<key>SDKROOT</key>
				<string>iphoneos</string>
				<key>VALIDATE_PRODUCT</key>
				<string>YES</string>
			</dict>
			<key>isa</key>
			<string>XCBuildConfiguration</string>
			<key>name</key>
			<string>Release</string>
		</dict>
		<key>14C2ED3219FFF0B400A3ADEE</key>
		<dict>
			<key>buildConfigurations</key>
			<array>
				<string>14C2ED3319FFF0B400A3ADEE</string>
				<string>14C2ED3419FFF0B400A3ADEE</string>
			</array>
			<key>defaultConfigurationIsVisible</key>
			<string>0</string>
			<key>isa</key>
			<string>XCConfigurationList</string>
		</dict>
		<key>14C2ED3319FFF0B400A3ADEE</key>
		<dict>
			<key>baseConfigurationReference</key>
			<string>7FF40C59E7E6908F88658A80</string>
			<key>buildSettings</key>
			<dict>
				<key>ASSETCATALOG_COMPILER_APPICON_NAME</key>
				<string>AppIcon</string>
				<key>ASSETCATALOG_COMPILER_LAUNCHIMAGE_NAME</key>
				<string>LaunchImage</string>
				<key>GCC_PRECOMPILE_PREFIX_HEADER</key>
				<string>YES</string>
				<key>GCC_PREFIX_HEADER</key>
				<string>SKMessageViewController/SKMessageViewController-Prefix.pch</string>
				<key>INFOPLIST_FILE</key>
				<string>SKMessageViewController/SKMessageViewController-Info.plist</string>
				<key>PRODUCT_NAME</key>
				<string>$(TARGET_NAME)</string>
				<key>WRAPPER_EXTENSION</key>
				<string>app</string>
			</dict>
			<key>isa</key>
			<string>XCBuildConfiguration</string>
			<key>name</key>
			<string>Debug</string>
		</dict>
		<key>14C2ED3419FFF0B400A3ADEE</key>
		<dict>
			<key>baseConfigurationReference</key>
			<string>8470818A9A1BCC5F1424DDC0</string>
			<key>buildSettings</key>
			<dict>
				<key>ASSETCATALOG_COMPILER_APPICON_NAME</key>
				<string>AppIcon</string>
				<key>ASSETCATALOG_COMPILER_LAUNCHIMAGE_NAME</key>
				<string>LaunchImage</string>
				<key>GCC_PRECOMPILE_PREFIX_HEADER</key>
				<string>YES</string>
				<key>GCC_PREFIX_HEADER</key>
				<string>SKMessageViewController/SKMessageViewController-Prefix.pch</string>
				<key>INFOPLIST_FILE</key>
				<string>SKMessageViewController/SKMessageViewController-Info.plist</string>
				<key>PRODUCT_NAME</key>
				<string>$(TARGET_NAME)</string>
				<key>WRAPPER_EXTENSION</key>
				<string>app</string>
			</dict>
			<key>isa</key>
			<string>XCBuildConfiguration</string>
			<key>name</key>
			<string>Release</string>
		</dict>
		<key>14C2ED3519FFF0B400A3ADEE</key>
		<dict>
			<key>buildConfigurations</key>
			<array>
				<string>14C2ED3619FFF0B400A3ADEE</string>
				<string>14C2ED3719FFF0B400A3ADEE</string>
			</array>
			<key>defaultConfigurationIsVisible</key>
			<string>0</string>
			<key>isa</key>
			<string>XCConfigurationList</string>
		</dict>
		<key>14C2ED3619FFF0B400A3ADEE</key>
		<dict>
			<key>buildSettings</key>
			<dict>
				<key>BUNDLE_LOADER</key>
				<string>$(BUILT_PRODUCTS_DIR)/SKMessageViewController.app/SKMessageViewController</string>
				<key>FRAMEWORK_SEARCH_PATHS</key>
				<array>
					<string>$(SDKROOT)/Developer/Library/Frameworks</string>
					<string>$(inherited)</string>
					<string>$(DEVELOPER_FRAMEWORKS_DIR)</string>
				</array>
				<key>GCC_PRECOMPILE_PREFIX_HEADER</key>
				<string>YES</string>
				<key>GCC_PREFIX_HEADER</key>
				<string>SKMessageViewController/SKMessageViewController-Prefix.pch</string>
				<key>GCC_PREPROCESSOR_DEFINITIONS</key>
				<array>
					<string>DEBUG=1</string>
					<string>$(inherited)</string>
				</array>
				<key>INFOPLIST_FILE</key>
				<string>SKMessageViewControllerTests/SKMessageViewControllerTests-Info.plist</string>
				<key>PRODUCT_NAME</key>
				<string>$(TARGET_NAME)</string>
				<key>TEST_HOST</key>
				<string>$(BUNDLE_LOADER)</string>
				<key>WRAPPER_EXTENSION</key>
				<string>xctest</string>
			</dict>
			<key>isa</key>
			<string>XCBuildConfiguration</string>
			<key>name</key>
			<string>Debug</string>
		</dict>
		<key>14C2ED3719FFF0B400A3ADEE</key>
		<dict>
			<key>buildSettings</key>
			<dict>
				<key>BUNDLE_LOADER</key>
				<string>$(BUILT_PRODUCTS_DIR)/SKMessageViewController.app/SKMessageViewController</string>
				<key>FRAMEWORK_SEARCH_PATHS</key>
				<array>
					<string>$(SDKROOT)/Developer/Library/Frameworks</string>
					<string>$(inherited)</string>
					<string>$(DEVELOPER_FRAMEWORKS_DIR)</string>
				</array>
				<key>GCC_PRECOMPILE_PREFIX_HEADER</key>
				<string>YES</string>
				<key>GCC_PREFIX_HEADER</key>
				<string>SKMessageViewController/SKMessageViewController-Prefix.pch</string>
				<key>INFOPLIST_FILE</key>
				<string>SKMessageViewControllerTests/SKMessageViewControllerTests-Info.plist</string>
				<key>PRODUCT_NAME</key>
				<string>$(TARGET_NAME)</string>
				<key>TEST_HOST</key>
				<string>$(BUNDLE_LOADER)</string>
				<key>WRAPPER_EXTENSION</key>
				<string>xctest</string>
			</dict>
			<key>isa</key>
			<string>XCBuildConfiguration</string>
			<key>name</key>
			<string>Release</string>
		</dict>
		<key>6D4D9B7AA807358080313610</key>
		<dict>
			<key>buildActionMask</key>
			<string>2147483647</string>
			<key>files</key>
			<array/>
			<key>inputPaths</key>
			<array/>
			<key>isa</key>
			<string>PBXShellScriptBuildPhase</string>
			<key>name</key>
			<string>Copy Pods Resources</string>
			<key>outputPaths</key>
			<array/>
			<key>runOnlyForDeploymentPostprocessing</key>
			<string>0</string>
			<key>shellPath</key>
			<string>/bin/sh</string>
			<key>shellScript</key>
			<string>"${SRCROOT}/Pods/Target Support Files/Pods/Pods-resources.sh"
</string>
			<key>showEnvVarsInLog</key>
			<string>0</string>
		</dict>
		<key>7FF40C59E7E6908F88658A80</key>
		<dict>
			<key>includeInIndex</key>
			<string>1</string>
			<key>isa</key>
			<string>PBXFileReference</string>
			<key>lastKnownFileType</key>
			<string>text.xcconfig</string>
			<key>name</key>
			<string>Pods.debug.xcconfig</string>
			<key>path</key>
			<string>Pods/Target Support Files/Pods/Pods.debug.xcconfig</string>
			<key>sourceTree</key>
			<string>&lt;group&gt;</string>
		</dict>
		<key>8470818A9A1BCC5F1424DDC0</key>
		<dict>
			<key>includeInIndex</key>
			<string>1</string>
			<key>isa</key>
			<string>PBXFileReference</string>
			<key>lastKnownFileType</key>
			<string>text.xcconfig</string>
			<key>name</key>
			<string>Pods.release.xcconfig</string>
			<key>path</key>
			<string>Pods/Target Support Files/Pods/Pods.release.xcconfig</string>
			<key>sourceTree</key>
			<string>&lt;group&gt;</string>
		</dict>
		<key>A79B0D80D3DB9ACA2A58681D</key>
		<dict>
			<key>children</key>
			<array>
				<string>7FF40C59E7E6908F88658A80</string>
				<string>8470818A9A1BCC5F1424DDC0</string>
			</array>
			<key>isa</key>
			<string>PBXGroup</string>
			<key>name</key>
			<string>Pods</string>
			<key>sourceTree</key>
			<string>&lt;group&gt;</string>
		</dict>
		<key>BA6C39FAD10CBD750205612A</key>
		<dict>
			<key>buildActionMask</key>
			<string>2147483647</string>
			<key>files</key>
			<array/>
			<key>inputPaths</key>
			<array/>
			<key>isa</key>
			<string>PBXShellScriptBuildPhase</string>
			<key>name</key>
			<string>Check Pods Manifest.lock</string>
			<key>outputPaths</key>
			<array/>
			<key>runOnlyForDeploymentPostprocessing</key>
			<string>0</string>
			<key>shellPath</key>
			<string>/bin/sh</string>
			<key>shellScript</key>
			<string>diff "${PODS_ROOT}/../Podfile.lock" "${PODS_ROOT}/Manifest.lock" &gt; /dev/null
if [[ $? != 0 ]] ; then
    cat &lt;&lt; EOM
error: The sandbox is not in sync with the Podfile.lock. Run 'pod install' or update your CocoaPods installation.
EOM
    exit 1
fi
</string>
			<key>showEnvVarsInLog</key>
			<string>0</string>
		</dict>
		<key>CFB5CD365B4ECA6B6AE323D8</key>
		<dict>
			<key>fileRef</key>
			<string>D7DF2D555A4F1289AF7C5BC8</string>
			<key>isa</key>
			<string>PBXBuildFile</string>
		</dict>
		<key>D7DF2D555A4F1289AF7C5BC8</key>
		<dict>
			<key>explicitFileType</key>
			<string>archive.ar</string>
			<key>includeInIndex</key>
			<string>0</string>
			<key>isa</key>
			<string>PBXFileReference</string>
			<key>path</key>
			<string>libPods.a</string>
			<key>sourceTree</key>
			<string>BUILT_PRODUCTS_DIR</string>
		</dict>
	</dict>
	<key>rootObject</key>
	<string>14C2ECF819FFF0B400A3ADEE</string>
</dict>
</plist>
